
Microsoft Visual Studio Solution File, Format Version 12.00
# Visual Studio Version 17
VisualStudioVersion = 17.9.34622.214
MinimumVisualStudioVersion = 10.0.40219.1
Project("{9A19103F-16F7-4668-BE54-9A1E7A4F7556}") = "RestaurantPlatform2", "RestaurantPlatform2\RestaurantPlatform2.csproj", "{FDBF1B41-3F5F-4133-8D80-5730E7065E47}"
EndProject
Global
	GlobalSection(SolutionConfigurationPlatforms) = preSolution
		Debug|Any CPU = Debug|Any CPU
		Release|Any CPU = Release|Any CPU
	EndGlobalSection
	GlobalSection(ProjectConfigurationPlatforms) = postSolution
		{FDBF1B41-3F5F-4133-8D80-5730E7065E47}.Debug|Any CPU.ActiveCfg = Debug|Any CPU
		{FDBF1B41-3F5F-4133-8D80-5730E7065E47}.Debug|Any CPU.Build.0 = Debug|Any CPU
		{FDBF1B41-3F5F-4133-8D80-5730E7065E47}.Release|Any CPU.ActiveCfg = Release|Any CPU
		{FDBF1B41-3F5F-4133-8D80-5730E7065E47}.Release|Any CPU.Build.0 = Release|Any CPU
	EndGlobalSection
	GlobalSection(SolutionProperties) = preSolution
		HideSolutionNode = FALSE
	EndGlobalSection
	GlobalSection(ExtensibilityGlobals) = postSolution
		SolutionGuid = {E531D590-05F3-47F9-81F8-C7DA4BEFA424}
	EndGlobalSection
EndGlobal
